{
  "name": "grandiose",
  "version": "0.0.1",
  "lockfileVersion": 1,
  "requires": true,
  "dependencies": {
    "bindings": {
      "version": "1.3.0",
      "resolved": "https://registry.npmjs.org/bindings/-/bindings-1.3.0.tgz",
      "integrity": "sha512-DpLh5EzMR2kzvX1KIlVC0VkC3iZtHKTgdtZ0a3pglBZdaQFjt5S9g9xd1lE+YvXyfd6mtCeRnrUfOLYiTMlNSw=="
    },
    "nan": {
      "version": "2.11.0",
      "resolved": "https://registry.npmjs.org/nan/-/nan-2.11.0.tgz",
      "integrity": "sha512-F4miItu2rGnV2ySkXOQoA8FKz/SR2Q2sWP0sbTxNxz/tuokeC8WxOhPMcwi0qIyGtVn/rrSeLbvVkznqCdwYnw==",
      "dev": true
    },
    "segfault-handler": {
      "version": "1.0.1",
      "resolved": "https://registry.npmjs.org/segfault-handler/-/segfault-handler-1.0.1.tgz",
      "integrity": "sha512-3koBV3F0IPxTYacnoL7WoFlaMndXsXj62tiVbbW9Kzp3K+F9Y6GWW5XmKSv7j+7nf2M+qjNzc4W1iZoa8vocjw==",
      "dev": true,
      "requires": {
        "bindings": "1.3.0",
        "nan": "2.11.0"
      }
    }
  }
}
